Microsoft Visual Studio Solution File, Format Version 11.00
# Visual Studio 2008

Project("{FD7E36AF-9739-BB82-03A4-4068D67EA0F2}") = "Meteor Project", "Assembly-CSharp.csproj", "{DFCA8627-6F14-E8A7-3B42-E847704DDEB3}"
EndProject
Global
	GlobalSection(SolutionConfigurationPlatforms) = preSolution
		Debug|Any CPU = Debug|Any CPU
		Release|Any CPU = Release|Any CPU
	EndGlobalSection
	GlobalSection(ProjectConfigurationPlatforms) = postSolution
		{DFCA8627-6F14-E8A7-3B42-E847704DDEB3}.Debug|Any CPU.ActiveCfg = Debug|Any CPU
		{DFCA8627-6F14-E8A7-3B42-E847704DDEB3}.Debug|Any CPU.Build.0 = Debug|Any CPU
		{DFCA8627-6F14-E8A7-3B42-E847704DDEB3}.Release|Any CPU.ActiveCfg = Release|Any CPU
		{DFCA8627-6F14-E8A7-3B42-E847704DDEB3}.Release|Any CPU.Build.0 = Release|Any CPU
	EndGlobalSection
	GlobalSection(SolutionProperties) = preSolution
		HideSolutionNode = FALSE
	EndGlobalSection
	GlobalSection(MonoDevelopProperties) = preSolution
		StartupItem = Assembly-CSharp.csproj
	EndGlobalSection
EndGlobal
